
Microsoft Visual Studio Solution File, Format Version 12.00
# Visual Studio Version 17
VisualStudioVersion = 17.0.32014.148
MinimumVisualStudioVersion = 10.0.40219.1
Project("{2150E333-8FDC-42A3-9474-1A3956D46DE8}") = "Decorator", "Decorator", "{08A7CE64-AEAF-4270-8E5A-22BA40889A87}"
EndProject
Project("{9A19103F-16F7-4668-BE54-9A1E7A4F7556}") = "Decorator_Console", "Decorator\Decorator_Console\Decorator_Console.csproj", "{AD5E6BB7-3119-401B-8C37-BA7892BBEF02}"
EndProject
Project("{9A19103F-16F7-4668-BE54-9A1E7A4F7556}") = "Decorator_DotNet", "Decorator\Decorator_DotNet\Decorator_DotNet.csproj", "{77E63F84-119B-4058-91CB-398C6BC528FB}"
EndProject
Project("{2150E333-8FDC-42A3-9474-1A3956D46DE8}") = "Facade", "Facade", "{772FB96A-DF82-46A8-8D19-C83D79D65A95}"
EndProject
Project("{9A19103F-16F7-4668-BE54-9A1E7A4F7556}") = "Facade_Console", "Facade\Facade_Console\Facade_Console.csproj", "{70382FB8-C119-4FE7-A2F2-3874A32FC4BC}"
EndProject
Project("{2150E333-8FDC-42A3-9474-1A3956D46DE8}") = "Facade_WebApp", "Facade_WebApp", "{3827113B-07E8-4274-B715-85BE592EADB6}"
EndProject
Project("{9A19103F-16F7-4668-BE54-9A1E7A4F7556}") = "Facade_In_Asp.Net_Core", "Facade\Facade_WebApp\Facade_In_Asp.Net_Core\Facade_In_Asp.Net_Core.csproj", "{996F2118-2C91-49B5-8F13-7659C534F9EE}"
EndProject
Project("{9A19103F-16F7-4668-BE54-9A1E7A4F7556}") = "Application", "Facade\Facade_WebApp\Application\Application.csproj", "{41949207-39AD-4A58-BBCB-E376552BA625}"
EndProject
Project("{2150E333-8FDC-42A3-9474-1A3956D46DE8}") = "Bridge", "Bridge", "{41CB751C-D441-4224-803C-8F9A788447A3}"
EndProject
Project("{9A19103F-16F7-4668-BE54-9A1E7A4F7556}") = "Bridge_uml_ex1", "Bridge\Bridge_uml_ex1\Bridge_uml_ex1.csproj", "{1D4DF3AD-C620-44D2-B449-221B2CABB018}"
EndProject
Project("{9A19103F-16F7-4668-BE54-9A1E7A4F7556}") = "Example2", "Bridge\Example2\Example2.csproj", "{7B98CE76-C404-4C60-A8F7-1D35C3155F49}"
EndProject
Project("{2150E333-8FDC-42A3-9474-1A3956D46DE8}") = "Proxy", "Proxy", "{2ADA690C-7791-445F-9056-ACB0D1492BBB}"
EndProject
Project("{9A19103F-16F7-4668-BE54-9A1E7A4F7556}") = "Proxy_Console", "Proxy\Proxy_Console\Proxy_Console.csproj", "{86E2812F-E701-4EEE-91AA-AAA0EEA1549C}"
EndProject
Project("{2150E333-8FDC-42A3-9474-1A3956D46DE8}") = "Composite", "Composite", "{21AE3994-6098-4FFA-8109-62373A77FAC6}"
EndProject
Project("{9A19103F-16F7-4668-BE54-9A1E7A4F7556}") = "Composite_UML", "Composite\Composite_UML\Composite_UML.csproj", "{BD9D549E-5C6F-4C70-9FCD-0544A444BF3A}"
EndProject
Project("{9A19103F-16F7-4668-BE54-9A1E7A4F7556}") = "Menu_Category_Sample", "Composite\Menu_Category_Sample\Menu_Category_Sample.csproj", "{C54AC6A1-D388-469D-AD78-90A38AEC234E}"
EndProject
Project("{2150E333-8FDC-42A3-9474-1A3956D46DE8}") = "Builder", "Builder", "{8EBC0FC7-C448-40C0-A6E6-1FAA1E646B17}"
EndProject
Project("{9A19103F-16F7-4668-BE54-9A1E7A4F7556}") = "Builder_Example", "Builder\Builder_Example\Builder_Example.csproj", "{4BCB7FF7-3DB9-4D3E-93BE-0D01DB3AA24A}"
EndProject
Project("{2150E333-8FDC-42A3-9474-1A3956D46DE8}") = "Adapter", "Adapter", "{E7A35008-42D9-4DC8-84C3-A8A2AA2F8BA6}"
EndProject
Project("{2150E333-8FDC-42A3-9474-1A3956D46DE8}") = "Adapter_Example1", "Adapter_Example1", "{9B23F609-EE8C-4B01-BD91-64CA157888CD}"
EndProject
Project("{9A19103F-16F7-4668-BE54-9A1E7A4F7556}") = "Implementation.ObjectAdapter", "Adapter\Adapter_Example1\Implementation.ObjectAdapter\Implementation.ObjectAdapter.csproj", "{5AE8E31B-4D6A-4E42-9564-10C125B25D17}"
EndProject
Project("{9A19103F-16F7-4668-BE54-9A1E7A4F7556}") = "Implementation.ClasstAdapter", "Adapter\Adapter_Example1\Implementation.ClasstAdapter\Implementation.ClasstAdapter.csproj", "{39A7B369-B0A9-4D1D-90A9-8EC28DB0D7F2}"
EndProject
Project("{2150E333-8FDC-42A3-9474-1A3956D46DE8}") = "Adapter_Example2", "Adapter_Example2", "{CFC9C33C-3C0B-48FF-9A42-029C778C6DCE}"
EndProject
Project("{9A19103F-16F7-4668-BE54-9A1E7A4F7556}") = "NotificationSample", "Adapter_Example2\NotificationSample\NotificationSample.csproj", "{68116433-69D0-4252-B4C0-396E45D304CC}"
EndProject
Project("{2150E333-8FDC-42A3-9474-1A3956D46DE8}") = "Prototype", "Prototype", "{534BDB67-4C3D-415F-811F-90B17FB17321}"
EndProject
Project("{9A19103F-16F7-4668-BE54-9A1E7A4F7556}") = "ImplementationPrototype", "Prototype\ImplementationPrototype\ImplementationPrototype.csproj", "{74B602D1-E5B9-4BC8-908E-6914BF0D13DB}"
EndProject
Project("{2150E333-8FDC-42A3-9474-1A3956D46DE8}") = "FactoryMethod", "FactoryMethod", "{A58227F4-4894-449D-A648-38CBC54D033E}"
EndProject
Project("{9A19103F-16F7-4668-BE54-9A1E7A4F7556}") = "Sample1", "FactoryMethod\Sample1\Sample1.csproj", "{9729FFB0-B939-489B-A1B5-01BAE22A35C5}"
EndProject
Project("{FAE04EC0-301F-11D3-BF4B-00C04F79EFBC}") = "Sample2", "FactoryMethod\Sample2\Sample2.csproj", "{1BD55BF8-BAB6-4FED-BD70-6085A5A70BDF}"
EndProject
Global
	GlobalSection(SolutionConfigurationPlatforms) = preSolution
		Debug|Any CPU = Debug|Any CPU
		Release|Any CPU = Release|Any CPU
	EndGlobalSection
	GlobalSection(ProjectConfigurationPlatforms) = postSolution
		{AD5E6BB7-3119-401B-8C37-BA7892BBEF02}.Debug|Any CPU.ActiveCfg = Debug|Any CPU
		{AD5E6BB7-3119-401B-8C37-BA7892BBEF02}.Debug|Any CPU.Build.0 = Debug|Any CPU
		{AD5E6BB7-3119-401B-8C37-BA7892BBEF02}.Release|Any CPU.ActiveCfg = Release|Any CPU
		{AD5E6BB7-3119-401B-8C37-BA7892BBEF02}.Release|Any CPU.Build.0 = Release|Any CPU
		{77E63F84-119B-4058-91CB-398C6BC528FB}.Debug|Any CPU.ActiveCfg = Debug|Any CPU
		{77E63F84-119B-4058-91CB-398C6BC528FB}.Debug|Any CPU.Build.0 = Debug|Any CPU
		{77E63F84-119B-4058-91CB-398C6BC528FB}.Release|Any CPU.ActiveCfg = Release|Any CPU
		{77E63F84-119B-4058-91CB-398C6BC528FB}.Release|Any CPU.Build.0 = Release|Any CPU
		{70382FB8-C119-4FE7-A2F2-3874A32FC4BC}.Debug|Any CPU.ActiveCfg = Debug|Any CPU
		{70382FB8-C119-4FE7-A2F2-3874A32FC4BC}.Debug|Any CPU.Build.0 = Debug|Any CPU
		{70382FB8-C119-4FE7-A2F2-3874A32FC4BC}.Release|Any CPU.ActiveCfg = Release|Any CPU
		{70382FB8-C119-4FE7-A2F2-3874A32FC4BC}.Release|Any CPU.Build.0 = Release|Any CPU
		{996F2118-2C91-49B5-8F13-7659C534F9EE}.Debug|Any CPU.ActiveCfg = Debug|Any CPU
		{996F2118-2C91-49B5-8F13-7659C534F9EE}.Debug|Any CPU.Build.0 = Debug|Any CPU
		{996F2118-2C91-49B5-8F13-7659C534F9EE}.Release|Any CPU.ActiveCfg = Release|Any CPU
		{996F2118-2C91-49B5-8F13-7659C534F9EE}.Release|Any CPU.Build.0 = Release|Any CPU
		{41949207-39AD-4A58-BBCB-E376552BA625}.Debug|Any CPU.ActiveCfg = Debug|Any CPU
		{41949207-39AD-4A58-BBCB-E376552BA625}.Debug|Any CPU.Build.0 = Debug|Any CPU
		{41949207-39AD-4A58-BBCB-E376552BA625}.Release|Any CPU.ActiveCfg = Release|Any CPU
		{41949207-39AD-4A58-BBCB-E376552BA625}.Release|Any CPU.Build.0 = Release|Any CPU
		{1D4DF3AD-C620-44D2-B449-221B2CABB018}.Debug|Any CPU.ActiveCfg = Debug|Any CPU
		{1D4DF3AD-C620-44D2-B449-221B2CABB018}.Debug|Any CPU.Build.0 = Debug|Any CPU
		{1D4DF3AD-C620-44D2-B449-221B2CABB018}.Release|Any CPU.ActiveCfg = Release|Any CPU
		{1D4DF3AD-C620-44D2-B449-221B2CABB018}.Release|Any CPU.Build.0 = Release|Any CPU
		{7B98CE76-C404-4C60-A8F7-1D35C3155F49}.Debug|Any CPU.ActiveCfg = Debug|Any CPU
		{7B98CE76-C404-4C60-A8F7-1D35C3155F49}.Debug|Any CPU.Build.0 = Debug|Any CPU
		{7B98CE76-C404-4C60-A8F7-1D35C3155F49}.Release|Any CPU.ActiveCfg = Release|Any CPU
		{7B98CE76-C404-4C60-A8F7-1D35C3155F49}.Release|Any CPU.Build.0 = Release|Any CPU
		{86E2812F-E701-4EEE-91AA-AAA0EEA1549C}.Debug|Any CPU.ActiveCfg = Debug|Any CPU
		{86E2812F-E701-4EEE-91AA-AAA0EEA1549C}.Debug|Any CPU.Build.0 = Debug|Any CPU
		{86E2812F-E701-4EEE-91AA-AAA0EEA1549C}.Release|Any CPU.ActiveCfg = Release|Any CPU
		{86E2812F-E701-4EEE-91AA-AAA0EEA1549C}.Release|Any CPU.Build.0 = Release|Any CPU
		{BD9D549E-5C6F-4C70-9FCD-0544A444BF3A}.Debug|Any CPU.ActiveCfg = Debug|Any CPU
		{BD9D549E-5C6F-4C70-9FCD-0544A444BF3A}.Debug|Any CPU.Build.0 = Debug|Any CPU
		{BD9D549E-5C6F-4C70-9FCD-0544A444BF3A}.Release|Any CPU.ActiveCfg = Release|Any CPU
		{BD9D549E-5C6F-4C70-9FCD-0544A444BF3A}.Release|Any CPU.Build.0 = Release|Any CPU
		{C54AC6A1-D388-469D-AD78-90A38AEC234E}.Debug|Any CPU.ActiveCfg = Debug|Any CPU
		{C54AC6A1-D388-469D-AD78-90A38AEC234E}.Debug|Any CPU.Build.0 = Debug|Any CPU
		{C54AC6A1-D388-469D-AD78-90A38AEC234E}.Release|Any CPU.ActiveCfg = Release|Any CPU
		{C54AC6A1-D388-469D-AD78-90A38AEC234E}.Release|Any CPU.Build.0 = Release|Any CPU
		{4BCB7FF7-3DB9-4D3E-93BE-0D01DB3AA24A}.Debug|Any CPU.ActiveCfg = Debug|Any CPU
		{4BCB7FF7-3DB9-4D3E-93BE-0D01DB3AA24A}.Debug|Any CPU.Build.0 = Debug|Any CPU
		{4BCB7FF7-3DB9-4D3E-93BE-0D01DB3AA24A}.Release|Any CPU.ActiveCfg = Release|Any CPU
		{4BCB7FF7-3DB9-4D3E-93BE-0D01DB3AA24A}.Release|Any CPU.Build.0 = Release|Any CPU
		{5AE8E31B-4D6A-4E42-9564-10C125B25D17}.Debug|Any CPU.ActiveCfg = Debug|Any CPU
		{5AE8E31B-4D6A-4E42-9564-10C125B25D17}.Debug|Any CPU.Build.0 = Debug|Any CPU
		{5AE8E31B-4D6A-4E42-9564-10C125B25D17}.Release|Any CPU.ActiveCfg = Release|Any CPU
		{5AE8E31B-4D6A-4E42-9564-10C125B25D17}.Release|Any CPU.Build.0 = Release|Any CPU
		{39A7B369-B0A9-4D1D-90A9-8EC28DB0D7F2}.Debug|Any CPU.ActiveCfg = Debug|Any CPU
		{39A7B369-B0A9-4D1D-90A9-8EC28DB0D7F2}.Debug|Any CPU.Build.0 = Debug|Any CPU
		{39A7B369-B0A9-4D1D-90A9-8EC28DB0D7F2}.Release|Any CPU.ActiveCfg = Release|Any CPU
		{39A7B369-B0A9-4D1D-90A9-8EC28DB0D7F2}.Release|Any CPU.Build.0 = Release|Any CPU
		{68116433-69D0-4252-B4C0-396E45D304CC}.Debug|Any CPU.ActiveCfg = Debug|Any CPU
		{68116433-69D0-4252-B4C0-396E45D304CC}.Debug|Any CPU.Build.0 = Debug|Any CPU
		{68116433-69D0-4252-B4C0-396E45D304CC}.Release|Any CPU.ActiveCfg = Release|Any CPU
		{68116433-69D0-4252-B4C0-396E45D304CC}.Release|Any CPU.Build.0 = Release|Any CPU
		{74B602D1-E5B9-4BC8-908E-6914BF0D13DB}.Debug|Any CPU.ActiveCfg = Debug|Any CPU
		{74B602D1-E5B9-4BC8-908E-6914BF0D13DB}.Debug|Any CPU.Build.0 = Debug|Any CPU
		{74B602D1-E5B9-4BC8-908E-6914BF0D13DB}.Release|Any CPU.ActiveCfg = Release|Any CPU
		{74B602D1-E5B9-4BC8-908E-6914BF0D13DB}.Release|Any CPU.Build.0 = Release|Any CPU
		{9729FFB0-B939-489B-A1B5-01BAE22A35C5}.Debug|Any CPU.ActiveCfg = Debug|Any CPU
		{9729FFB0-B939-489B-A1B5-01BAE22A35C5}.Debug|Any CPU.Build.0 = Debug|Any CPU
		{9729FFB0-B939-489B-A1B5-01BAE22A35C5}.Release|Any CPU.ActiveCfg = Release|Any CPU
		{9729FFB0-B939-489B-A1B5-01BAE22A35C5}.Release|Any CPU.Build.0 = Release|Any CPU
		{1BD55BF8-BAB6-4FED-BD70-6085A5A70BDF}.Debug|Any CPU.ActiveCfg = Debug|Any CPU
		{1BD55BF8-BAB6-4FED-BD70-6085A5A70BDF}.Debug|Any CPU.Build.0 = Debug|Any CPU
		{1BD55BF8-BAB6-4FED-BD70-6085A5A70BDF}.Release|Any CPU.ActiveCfg = Release|Any CPU
		{1BD55BF8-BAB6-4FED-BD70-6085A5A70BDF}.Release|Any CPU.Build.0 = Release|Any CPU
	EndGlobalSection
	GlobalSection(SolutionProperties) = preSolution
		HideSolutionNode = FALSE
	EndGlobalSection
	GlobalSection(NestedProjects) = preSolution
		{AD5E6BB7-3119-401B-8C37-BA7892BBEF02} = {08A7CE64-AEAF-4270-8E5A-22BA40889A87}
		{77E63F84-119B-4058-91CB-398C6BC528FB} = {08A7CE64-AEAF-4270-8E5A-22BA40889A87}
		{70382FB8-C119-4FE7-A2F2-3874A32FC4BC} = {772FB96A-DF82-46A8-8D19-C83D79D65A95}
		{3827113B-07E8-4274-B715-85BE592EADB6} = {772FB96A-DF82-46A8-8D19-C83D79D65A95}
		{996F2118-2C91-49B5-8F13-7659C534F9EE} = {3827113B-07E8-4274-B715-85BE592EADB6}
		{41949207-39AD-4A58-BBCB-E376552BA625} = {3827113B-07E8-4274-B715-85BE592EADB6}
		{1D4DF3AD-C620-44D2-B449-221B2CABB018} = {41CB751C-D441-4224-803C-8F9A788447A3}
		{7B98CE76-C404-4C60-A8F7-1D35C3155F49} = {41CB751C-D441-4224-803C-8F9A788447A3}
		{86E2812F-E701-4EEE-91AA-AAA0EEA1549C} = {2ADA690C-7791-445F-9056-ACB0D1492BBB}
		{BD9D549E-5C6F-4C70-9FCD-0544A444BF3A} = {21AE3994-6098-4FFA-8109-62373A77FAC6}
		{C54AC6A1-D388-469D-AD78-90A38AEC234E} = {21AE3994-6098-4FFA-8109-62373A77FAC6}
		{4BCB7FF7-3DB9-4D3E-93BE-0D01DB3AA24A} = {8EBC0FC7-C448-40C0-A6E6-1FAA1E646B17}
		{9B23F609-EE8C-4B01-BD91-64CA157888CD} = {E7A35008-42D9-4DC8-84C3-A8A2AA2F8BA6}
		{5AE8E31B-4D6A-4E42-9564-10C125B25D17} = {9B23F609-EE8C-4B01-BD91-64CA157888CD}
		{39A7B369-B0A9-4D1D-90A9-8EC28DB0D7F2} = {9B23F609-EE8C-4B01-BD91-64CA157888CD}
		{CFC9C33C-3C0B-48FF-9A42-029C778C6DCE} = {E7A35008-42D9-4DC8-84C3-A8A2AA2F8BA6}
		{68116433-69D0-4252-B4C0-396E45D304CC} = {CFC9C33C-3C0B-48FF-9A42-029C778C6DCE}
		{74B602D1-E5B9-4BC8-908E-6914BF0D13DB} = {534BDB67-4C3D-415F-811F-90B17FB17321}
		{9729FFB0-B939-489B-A1B5-01BAE22A35C5} = {A58227F4-4894-449D-A648-38CBC54D033E}
		{1BD55BF8-BAB6-4FED-BD70-6085A5A70BDF} = {A58227F4-4894-449D-A648-38CBC54D033E}
	EndGlobalSection
	GlobalSection(ExtensibilityGlobals) = postSolution
		SolutionGuid = {6B3809CB-3263-4C39-A903-F975AF8B4688}
	EndGlobalSection
EndGlobal
